
Microsoft Visual Studio Solution File, Format Version 12.00
# Visual Studio 2013
VisualStudioVersion = 12.0.21005.1
MinimumVisualStudioVersion = 10.0.40219.1
Project("{FAE04EC0-301F-11D3-BF4B-00C04F79EFBC}") = "SimpleFactory", "SimpleFactory\SimpleFactory.csproj", "{6ADFA366-BFF0-4E4D-863C-7619004D2D93}"
EndProject
Project("{FAE04EC0-301F-11D3-BF4B-00C04F79EFBC}") = "Launcher", "Launcher\Launcher.csproj", "{F4E6B98B-F6AD-48BC-8EEF-A59F252611B3}"
EndProject
Project("{FAE04EC0-301F-11D3-BF4B-00C04F79EFBC}") = "FactoryMethod", "FactoryMethod\FactoryMethod.csproj", "{43EC0380-F5E5-45DB-9559-0145AA7DCD4E}"
EndProject
Project("{FAE04EC0-301F-11D3-BF4B-00C04F79EFBC}") = "AbstractFactory", "AbstractFactory\AbstractFactory.csproj", "{C3A22A97-3FBC-47CA-BD9A-073B1E531A71}"
EndProject
Project("{2150E333-8FDC-42A3-9474-1A3956D46DE8}") = "创建型模式", "创建型模式", "{A528EFE8-D907-472D-B2FD-BC70F788B753}"
EndProject
Project("{FAE04EC0-301F-11D3-BF4B-00C04F79EFBC}") = "Builder", "Builder\Builder.csproj", "{84C26CA8-0308-4E99-AF14-945CE7899477}"
EndProject
Project("{FAE04EC0-301F-11D3-BF4B-00C04F79EFBC}") = "Prototype", "Prototype\Prototype.csproj", "{B2E034AE-7A3F-449F-85EA-10A42A3B366E}"
EndProject
Project("{FAE04EC0-301F-11D3-BF4B-00C04F79EFBC}") = "Singleton", "Singleton\Singleton.csproj", "{992C1B9F-B5EB-4B98-82BD-1F92531EBF54}"
EndProject
Project("{2150E333-8FDC-42A3-9474-1A3956D46DE8}") = "结构型模式", "结构型模式", "{C60E1174-6B9D-4700-80FB-EB7B229BA988}"
EndProject
Project("{FAE04EC0-301F-11D3-BF4B-00C04F79EFBC}") = "Adapter", "Adapter\Adapter.csproj", "{9C04302F-B768-4ACF-83B5-CB931AED427A}"
EndProject
Project("{FAE04EC0-301F-11D3-BF4B-00C04F79EFBC}") = "Flyweight", "Flyweight\Flyweight.csproj", "{C5274333-D270-4B15-BBEB-B1DDA1B1DC25}"
EndProject
Project("{FAE04EC0-301F-11D3-BF4B-00C04F79EFBC}") = "Decorator", "Decorator\Decorator.csproj", "{2F1DEF25-8C22-4DBB-8609-3042C78028D6}"
EndProject
Project("{FAE04EC0-301F-11D3-BF4B-00C04F79EFBC}") = "Facade", "Facade\Facade.csproj", "{2A998D87-A2FB-4F49-A88A-F448B3F34628}"
EndProject
Project("{FAE04EC0-301F-11D3-BF4B-00C04F79EFBC}") = "Bridge", "Bridge\Bridge.csproj", "{FE8A48C7-FFDD-40F9-A8FE-7A8DC6A20E0A}"
EndProject
Global
	GlobalSection(SolutionConfigurationPlatforms) = preSolution
		Debug|Any CPU = Debug|Any CPU
		Release|Any CPU = Release|Any CPU
	EndGlobalSection
	GlobalSection(ProjectConfigurationPlatforms) = postSolution
		{6ADFA366-BFF0-4E4D-863C-7619004D2D93}.Debug|Any CPU.ActiveCfg = Debug|Any CPU
		{6ADFA366-BFF0-4E4D-863C-7619004D2D93}.Debug|Any CPU.Build.0 = Debug|Any CPU
		{6ADFA366-BFF0-4E4D-863C-7619004D2D93}.Release|Any CPU.ActiveCfg = Release|Any CPU
		{6ADFA366-BFF0-4E4D-863C-7619004D2D93}.Release|Any CPU.Build.0 = Release|Any CPU
		{F4E6B98B-F6AD-48BC-8EEF-A59F252611B3}.Debug|Any CPU.ActiveCfg = Debug|Any CPU
		{F4E6B98B-F6AD-48BC-8EEF-A59F252611B3}.Debug|Any CPU.Build.0 = Debug|Any CPU
		{F4E6B98B-F6AD-48BC-8EEF-A59F252611B3}.Release|Any CPU.ActiveCfg = Release|Any CPU
		{F4E6B98B-F6AD-48BC-8EEF-A59F252611B3}.Release|Any CPU.Build.0 = Release|Any CPU
		{43EC0380-F5E5-45DB-9559-0145AA7DCD4E}.Debug|Any CPU.ActiveCfg = Debug|Any CPU
		{43EC0380-F5E5-45DB-9559-0145AA7DCD4E}.Debug|Any CPU.Build.0 = Debug|Any CPU
		{43EC0380-F5E5-45DB-9559-0145AA7DCD4E}.Release|Any CPU.ActiveCfg = Release|Any CPU
		{43EC0380-F5E5-45DB-9559-0145AA7DCD4E}.Release|Any CPU.Build.0 = Release|Any CPU
		{C3A22A97-3FBC-47CA-BD9A-073B1E531A71}.Debug|Any CPU.ActiveCfg = Debug|Any CPU
		{C3A22A97-3FBC-47CA-BD9A-073B1E531A71}.Debug|Any CPU.Build.0 = Debug|Any CPU
		{C3A22A97-3FBC-47CA-BD9A-073B1E531A71}.Release|Any CPU.ActiveCfg = Release|Any CPU
		{C3A22A97-3FBC-47CA-BD9A-073B1E531A71}.Release|Any CPU.Build.0 = Release|Any CPU
		{84C26CA8-0308-4E99-AF14-945CE7899477}.Debug|Any CPU.ActiveCfg = Debug|Any CPU
		{84C26CA8-0308-4E99-AF14-945CE7899477}.Debug|Any CPU.Build.0 = Debug|Any CPU
		{84C26CA8-0308-4E99-AF14-945CE7899477}.Release|Any CPU.ActiveCfg = Release|Any CPU
		{84C26CA8-0308-4E99-AF14-945CE7899477}.Release|Any CPU.Build.0 = Release|Any CPU
		{B2E034AE-7A3F-449F-85EA-10A42A3B366E}.Debug|Any CPU.ActiveCfg = Debug|Any CPU
		{B2E034AE-7A3F-449F-85EA-10A42A3B366E}.Debug|Any CPU.Build.0 = Debug|Any CPU
		{B2E034AE-7A3F-449F-85EA-10A42A3B366E}.Release|Any CPU.ActiveCfg = Release|Any CPU
		{B2E034AE-7A3F-449F-85EA-10A42A3B366E}.Release|Any CPU.Build.0 = Release|Any CPU
		{992C1B9F-B5EB-4B98-82BD-1F92531EBF54}.Debug|Any CPU.ActiveCfg = Debug|Any CPU
		{992C1B9F-B5EB-4B98-82BD-1F92531EBF54}.Debug|Any CPU.Build.0 = Debug|Any CPU
		{992C1B9F-B5EB-4B98-82BD-1F92531EBF54}.Release|Any CPU.ActiveCfg = Release|Any CPU
		{992C1B9F-B5EB-4B98-82BD-1F92531EBF54}.Release|Any CPU.Build.0 = Release|Any CPU
		{9C04302F-B768-4ACF-83B5-CB931AED427A}.Debug|Any CPU.ActiveCfg = Debug|Any CPU
		{9C04302F-B768-4ACF-83B5-CB931AED427A}.Debug|Any CPU.Build.0 = Debug|Any CPU
		{9C04302F-B768-4ACF-83B5-CB931AED427A}.Release|Any CPU.ActiveCfg = Release|Any CPU
		{9C04302F-B768-4ACF-83B5-CB931AED427A}.Release|Any CPU.Build.0 = Release|Any CPU
		{C5274333-D270-4B15-BBEB-B1DDA1B1DC25}.Debug|Any CPU.ActiveCfg = Debug|Any CPU
		{C5274333-D270-4B15-BBEB-B1DDA1B1DC25}.Debug|Any CPU.Build.0 = Debug|Any CPU
		{C5274333-D270-4B15-BBEB-B1DDA1B1DC25}.Release|Any CPU.ActiveCfg = Release|Any CPU
		{C5274333-D270-4B15-BBEB-B1DDA1B1DC25}.Release|Any CPU.Build.0 = Release|Any CPU
		{2F1DEF25-8C22-4DBB-8609-3042C78028D6}.Debug|Any CPU.ActiveCfg = Debug|Any CPU
		{2F1DEF25-8C22-4DBB-8609-3042C78028D6}.Debug|Any CPU.Build.0 = Debug|Any CPU
		{2F1DEF25-8C22-4DBB-8609-3042C78028D6}.Release|Any CPU.ActiveCfg = Release|Any CPU
		{2F1DEF25-8C22-4DBB-8609-3042C78028D6}.Release|Any CPU.Build.0 = Release|Any CPU
		{2A998D87-A2FB-4F49-A88A-F448B3F34628}.Debug|Any CPU.ActiveCfg = Debug|Any CPU
		{2A998D87-A2FB-4F49-A88A-F448B3F34628}.Debug|Any CPU.Build.0 = Debug|Any CPU
		{2A998D87-A2FB-4F49-A88A-F448B3F34628}.Release|Any CPU.ActiveCfg = Release|Any CPU
		{2A998D87-A2FB-4F49-A88A-F448B3F34628}.Release|Any CPU.Build.0 = Release|Any CPU
		{FE8A48C7-FFDD-40F9-A8FE-7A8DC6A20E0A}.Debug|Any CPU.ActiveCfg = Debug|Any CPU
		{FE8A48C7-FFDD-40F9-A8FE-7A8DC6A20E0A}.Debug|Any CPU.Build.0 = Debug|Any CPU
		{FE8A48C7-FFDD-40F9-A8FE-7A8DC6A20E0A}.Release|Any CPU.ActiveCfg = Release|Any CPU
		{FE8A48C7-FFDD-40F9-A8FE-7A8DC6A20E0A}.Release|Any CPU.Build.0 = Release|Any CPU
	EndGlobalSection
	GlobalSection(SolutionProperties) = preSolution
		HideSolutionNode = FALSE
	EndGlobalSection
	GlobalSection(NestedProjects) = preSolution
		{43EC0380-F5E5-45DB-9559-0145AA7DCD4E} = {A528EFE8-D907-472D-B2FD-BC70F788B753}
		{C3A22A97-3FBC-47CA-BD9A-073B1E531A71} = {A528EFE8-D907-472D-B2FD-BC70F788B753}
		{6ADFA366-BFF0-4E4D-863C-7619004D2D93} = {A528EFE8-D907-472D-B2FD-BC70F788B753}
		{84C26CA8-0308-4E99-AF14-945CE7899477} = {A528EFE8-D907-472D-B2FD-BC70F788B753}
		{B2E034AE-7A3F-449F-85EA-10A42A3B366E} = {A528EFE8-D907-472D-B2FD-BC70F788B753}
		{992C1B9F-B5EB-4B98-82BD-1F92531EBF54} = {A528EFE8-D907-472D-B2FD-BC70F788B753}
		{9C04302F-B768-4ACF-83B5-CB931AED427A} = {C60E1174-6B9D-4700-80FB-EB7B229BA988}
		{C5274333-D270-4B15-BBEB-B1DDA1B1DC25} = {C60E1174-6B9D-4700-80FB-EB7B229BA988}
		{2F1DEF25-8C22-4DBB-8609-3042C78028D6} = {C60E1174-6B9D-4700-80FB-EB7B229BA988}
		{2A998D87-A2FB-4F49-A88A-F448B3F34628} = {C60E1174-6B9D-4700-80FB-EB7B229BA988}
		{FE8A48C7-FFDD-40F9-A8FE-7A8DC6A20E0A} = {C60E1174-6B9D-4700-80FB-EB7B229BA988}
	EndGlobalSection
EndGlobal
